
Microsoft Visual Studio Solution File, Format Version 12.00
# Visual Studio 15
VisualStudioVersion = 15.0.28010.2026
MinimumVisualStudioVersion = 10.0.40219.1
Project("{8BC9CEB8-8B4A-11D0-8D11-00A0C91BC942}") = "HexCompare", "HexCompare\HexCompare.vcxproj", "{94FCD940-BB2F-4FCA-9E1B-90C83EDB3C2F}"
EndProject
Global
	GlobalSection(SolutionConfigurationPlatforms) = preSolution
		Debug|x64 = Debug|x64
		Debug|x86 = Debug|x86
		Release|x64 = Release|x64
		Release|x86 = Release|x86
	EndGlobalSection
	GlobalSection(ProjectConfigurationPlatforms) = postSolution
		{94FCD940-BB2F-4FCA-9E1B-90C83EDB3C2F}.Debug|x64.ActiveCfg = Debug|x64
		{94FCD940-BB2F-4FCA-9E1B-90C83EDB3C2F}.Debug|x64.Build.0 = Debug|x64
		{94FCD940-BB2F-4FCA-9E1B-90C83EDB3C2F}.Debug|x86.ActiveCfg = Debug|Win32
		{94FCD940-BB2F-4FCA-9E1B-90C83EDB3C2F}.Debug|x86.Build.0 = Debug|Win32
		{94FCD940-BB2F-4FCA-9E1B-90C83EDB3C2F}.Release|x64.ActiveCfg = Release|x64
		{94FCD940-BB2F-4FCA-9E1B-90C83EDB3C2F}.Release|x64.Build.0 = Release|x64
		{94FCD940-BB2F-4FCA-9E1B-90C83EDB3C2F}.Release|x86.ActiveCfg = Release|Win32
		{94FCD940-BB2F-4FCA-9E1B-90C83EDB3C2F}.Release|x86.Build.0 = Release|Win32
	EndGlobalSection
	GlobalSection(SolutionProperties) = preSolution
		HideSolutionNode = FALSE
	EndGlobalSection
	GlobalSection(ExtensibilityGlobals) = postSolution
		SolutionGuid = {2994539C-A6B7-4BB8-9406-4A03D6B49DAC}
	EndGlobalSection
EndGlobal
